
Microsoft Visual Studio Solution File, Format Version 12.00
# Visual Studio Version 16
VisualStudioVersion = 16.0.31605.320
MinimumVisualStudioVersion = 10.0.40219.1
Project("{FAE04EC0-301F-11D3-BF4B-00C04F79EFBC}") = "WebTracker", "WebTracker\WebTracker.csproj", "{96518EC5-2E41-4047-BD4F-341E3E64CB3E}"
EndProject
Project("{FAE04EC0-301F-11D3-BF4B-00C04F79EFBC}") = "WebTrackerCl", "WebTrackerCl\WebTrackerCl.csproj", "{79D2A2F2-BC83-4AD6-ADB2-11C07F392A32}"
EndProject
Project("{FAE04EC0-301F-11D3-BF4B-00C04F79EFBC}") = "WebTrackerBLL", "WebTrackerBLL\WebTrackerBLL.csproj", "{ECF95BC8-ADF9-4031-BDF7-6FD4821D6E5D}"
EndProject
Project("{FAE04EC0-301F-11D3-BF4B-00C04F79EFBC}") = "WebTrackerDLL", "WebTrackerDLL\WebTrackerDLL.csproj", "{016AF4D0-200A-4F65-B1D3-663A334B0D71}"
EndProject
Global
	GlobalSection(SolutionConfigurationPlatforms) = preSolution
		Debug|Any CPU = Debug|Any CPU
		Release|Any CPU = Release|Any CPU
	EndGlobalSection
	GlobalSection(ProjectConfigurationPlatforms) = postSolution
		{96518EC5-2E41-4047-BD4F-341E3E64CB3E}.Debug|Any CPU.ActiveCfg = Debug|Any CPU
		{96518EC5-2E41-4047-BD4F-341E3E64CB3E}.Debug|Any CPU.Build.0 = Debug|Any CPU
		{96518EC5-2E41-4047-BD4F-341E3E64CB3E}.Release|Any CPU.ActiveCfg = Release|Any CPU
		{96518EC5-2E41-4047-BD4F-341E3E64CB3E}.Release|Any CPU.Build.0 = Release|Any CPU
		{79D2A2F2-BC83-4AD6-ADB2-11C07F392A32}.Debug|Any CPU.ActiveCfg = Debug|Any CPU
		{79D2A2F2-BC83-4AD6-ADB2-11C07F392A32}.Debug|Any CPU.Build.0 = Debug|Any CPU
		{79D2A2F2-BC83-4AD6-ADB2-11C07F392A32}.Release|Any CPU.ActiveCfg = Release|Any CPU
		{79D2A2F2-BC83-4AD6-ADB2-11C07F392A32}.Release|Any CPU.Build.0 = Release|Any CPU
		{ECF95BC8-ADF9-4031-BDF7-6FD4821D6E5D}.Debug|Any CPU.ActiveCfg = Debug|Any CPU
		{ECF95BC8-ADF9-4031-BDF7-6FD4821D6E5D}.Debug|Any CPU.Build.0 = Debug|Any CPU
		{ECF95BC8-ADF9-4031-BDF7-6FD4821D6E5D}.Release|Any CPU.ActiveCfg = Release|Any CPU
		{ECF95BC8-ADF9-4031-BDF7-6FD4821D6E5D}.Release|Any CPU.Build.0 = Release|Any CPU
		{016AF4D0-200A-4F65-B1D3-663A334B0D71}.Debug|Any CPU.ActiveCfg = Debug|Any CPU
		{016AF4D0-200A-4F65-B1D3-663A334B0D71}.Debug|Any CPU.Build.0 = Debug|Any CPU
		{016AF4D0-200A-4F65-B1D3-663A334B0D71}.Release|Any CPU.ActiveCfg = Release|Any CPU
		{016AF4D0-200A-4F65-B1D3-663A334B0D71}.Release|Any CPU.Build.0 = Release|Any CPU
	EndGlobalSection
	GlobalSection(SolutionProperties) = preSolution
		HideSolutionNode = FALSE
	EndGlobalSection
	GlobalSection(ExtensibilityGlobals) = postSolution
		SolutionGuid = {F1B8D89F-8FC8-4AEF-B268-269173883760}
	EndGlobalSection
EndGlobal
