
Microsoft Visual Studio Solution File, Format Version 12.00
# Visual Studio Version 16
VisualStudioVersion = 16.0.31112.23
MinimumVisualStudioVersion = 10.0.40219.1
Project("{FAE04EC0-301F-11D3-BF4B-00C04F79EFBC}") = "WebTracker_Project", "WebTracker_Project\WebTracker_Project.csproj", "{12E7F049-8C8E-4067-8865-8A978619E1C4}"
EndProject
Project("{FAE04EC0-301F-11D3-BF4B-00C04F79EFBC}") = "WebTracker_ProjectBLL", "WebTracker_ProjectBLL\WebTracker_ProjectBLL.csproj", "{AC8E216E-0576-4490-B9BC-A9EE0A9E1BDB}"
EndProject
Project("{FAE04EC0-301F-11D3-BF4B-00C04F79EFBC}") = "WebTracker_ProjectDLL", "WebTracker_ProjectDLL\WebTracker_ProjectDLL.csproj", "{07CEC371-6095-4FCD-8298-C795BC53FC50}"
EndProject
Global
	GlobalSection(SolutionConfigurationPlatforms) = preSolution
		Debug|Any CPU = Debug|Any CPU
		Release|Any CPU = Release|Any CPU
	EndGlobalSection
	GlobalSection(ProjectConfigurationPlatforms) = postSolution
		{12E7F049-8C8E-4067-8865-8A978619E1C4}.Debug|Any CPU.ActiveCfg = Debug|Any CPU
		{12E7F049-8C8E-4067-8865-8A978619E1C4}.Debug|Any CPU.Build.0 = Debug|Any CPU
		{12E7F049-8C8E-4067-8865-8A978619E1C4}.Release|Any CPU.ActiveCfg = Release|Any CPU
		{12E7F049-8C8E-4067-8865-8A978619E1C4}.Release|Any CPU.Build.0 = Release|Any CPU
		{AC8E216E-0576-4490-B9BC-A9EE0A9E1BDB}.Debug|Any CPU.ActiveCfg = Debug|Any CPU
		{AC8E216E-0576-4490-B9BC-A9EE0A9E1BDB}.Debug|Any CPU.Build.0 = Debug|Any CPU
		{AC8E216E-0576-4490-B9BC-A9EE0A9E1BDB}.Release|Any CPU.ActiveCfg = Release|Any CPU
		{AC8E216E-0576-4490-B9BC-A9EE0A9E1BDB}.Release|Any CPU.Build.0 = Release|Any CPU
		{07CEC371-6095-4FCD-8298-C795BC53FC50}.Debug|Any CPU.ActiveCfg = Debug|Any CPU
		{07CEC371-6095-4FCD-8298-C795BC53FC50}.Debug|Any CPU.Build.0 = Debug|Any CPU
		{07CEC371-6095-4FCD-8298-C795BC53FC50}.Release|Any CPU.ActiveCfg = Release|Any CPU
		{07CEC371-6095-4FCD-8298-C795BC53FC50}.Release|Any CPU.Build.0 = Release|Any CPU
	EndGlobalSection
	GlobalSection(SolutionProperties) = preSolution
		HideSolutionNode = FALSE
	EndGlobalSection
	GlobalSection(ExtensibilityGlobals) = postSolution
		SolutionGuid = {CD609BD1-E794-4062-BF43-9642FC81AC0A}
	EndGlobalSection
EndGlobal
